# This file is autogenerated, do not edit; changes may be undone by the next 'dep ensure'.


[[projects]]
  digest = "1:4c0989ca0bcd10799064318923b9bc2db6b4d6338dd75f3f2d86c3511aaaf5cf"
  name = "github.com/golang/protobuf"
  packages = [
    "proto",
    "ptypes",
    "ptypes/any",
    "ptypes/duration",
    "ptypes/timestamp",
  ]
  pruneopts = "UT"
  revision = "47c11267d97eabbf024e60f76d4d3a15dc630702"
  version = "v1.2.0"

[[projects]]
  digest = "1:09f7016f64bfaa64fe04fc6f0aac5ba37c52d6b551b6f01a334e151f01e1f69a"
  name = "github.com/soheilhy/cmux"
  packages = ["."]
  pruneopts = "UT"
  revision = "13c2e58d97cb70dac86e906b09f8b82a8dae993f"
  version = "v0.1.4"

[[projects]]
  branch = "master"
  digest = "1:4b9d48cb517d97552209bb55c52185e3fb5119607965b2f1c9123e606c500414"
  name = "golang.org/x/net"
  packages = [
    "context",
    "http/httpguts",
    "http2",
    "http2/hpack",
    "idna",
    "internal/timeseries",
    "trace",
    "websocket",
  ]
  pruneopts = "UT"
  revision = "89f53ca7c7c266f37ffb1ac10b47190aaadc3c49"

[[projects]]
  branch = "master"
  digest = "1:0316a8ad208917f1d141b077e278980fd5e4594f3a85f835dacbf24d85798252"
  name = "golang.org/x/sys"
  packages = ["unix"]
  pruneopts = "UT"
  revision = "f1abb4875e2dd6a0e448f66f56b89b366b2a49d0"

[[projects]]
  branch = "master"
  digest = "1:ac28c92ecf872cdaf70d467d78c8182616f47136a438e5bff7d6ad7ae631a568"
  name = "golang.org/x/text"
  packages = [
    "collate",
    "collate/build",
    "internal/colltab",
    "internal/gen",
    "internal/language",
    "internal/language/compact",
    "internal/tag",
    "internal/triegen",
    "internal/ucd",
    "language",
    "secure/bidirule",
    "transform",
    "unicode/bidi",
    "unicode/cldr",
    "unicode/norm",
    "unicode/rangetable",
  ]
  pruneopts = "UT"
  revision = "58d6eacc9038775b91a145299c9ee4bdc268bdec"

[[projects]]
  branch = "master"
  digest = "1:077c1c599507b3b3e9156d17d36e1e61928ee9b53a5b420f10f28ebd4a0b275c"
  name = "google.golang.org/genproto"
  packages = ["googleapis/rpc/status"]
  pruneopts = "UT"
  revision = "35e5f6cc9093da2f1a7cdf7569f734726135b20d"

[[projects]]
  digest = "1:2ca709c2ead2ca31ffa59aebaf6f62acacd801aeaaa7ad698c8136677daa2895"
  name = "google.golang.org/grpc"
  packages = [
    ".",
    "balancer",
    "balancer/base",
    "balancer/roundrobin",
    "binarylog/grpc_binarylog_v1",
    "codes",
    "connectivity",
    "credentials",
    "credentials/internal",
    "encoding",
    "encoding/proto",
    "grpclog",
    "internal",
    "internal/backoff",
    "internal/binarylog",
    "internal/channelz",
    "internal/envconfig",
    "internal/grpcrand",
    "internal/grpcsync",
    "internal/syscall",
    "internal/transport",
    "keepalive",
    "metadata",
    "naming",
    "peer",
    "resolver",
    "resolver/dns",
    "resolver/passthrough",
    "stats",
    "status",
    "tap",
  ]
  pruneopts = "UT"
  revision = "fc277554a30c8c0921b148d5137a0fb9297cb746"
  version = "v1.17.0"

[solve-meta]
  analyzer-name = "dep"
  analyzer-version = 1
  input-imports = [
    "github.com/golang/protobuf/proto",
    "github.com/soheilhy/cmux",
    "golang.org/x/net/websocket",
    "google.golang.org/grpc",
    "google.golang.org/grpc/codes",
    "google.golang.org/grpc/status",
  ]
  solver-name = "gps-cdcl"
  solver-version = 1
